// !$*UTF8*$!
{
	archiveVersion = 1;
	classes = {
	};
	objectVersion = 50;
	objects = {

/* Begin PBXBuildFile section */
		0B0B36824590BCAED6D93D72 /* Pods_Pocker_Reminder.framework in Frameworks */ = {isa = PBXBuildFile; fileRef = 5E33C167D96B93C418A99EC6 /* Pods_Pocker_Reminder.framework */; };
		AFFEC51F756D826A91A9E02D /* Pods_Pocker_ReminderTests.framework in Frameworks */ = {isa = PBXBuildFile; fileRef = 5B659CB2AB0EF40E6CD6A05E /* Pods_Pocker_ReminderTests.framework */; };
		B303CAE923B63FC200A3DF4B /* AppDelegate.swift in Sources */ = {isa = PBXBuildFile; fileRef = B303CAE823B63FC200A3DF4B /* AppDelegate.swift */; };
		B303CAEB23B63FC200A3DF4B /* SceneDelegate.swift in Sources */ = {isa = PBXBuildFile; fileRef = B303CAEA23B63FC200A3DF4B /* SceneDelegate.swift */; };
		B303CAED23B63FC200A3DF4B /* ContentView.swift in Sources */ = {isa = PBXBuildFile; fileRef = B303CAEC23B63FC200A3DF4B /* ContentView.swift */; };
		B303CAEF23B63FC400A3DF4B /* Assets.xcassets in Resources */ = {isa = PBXBuildFile; fileRef = B303CAEE23B63FC400A3DF4B /* Assets.xcassets */; };
		B303CAF223B63FC400A3DF4B /* Preview Assets.xcassets in Resources */ = {isa = PBXBuildFile; fileRef = B303CAF123B63FC400A3DF4B /* Preview Assets.xcassets */; };
		B303CAF523B63FC400A3DF4B /* LaunchScreen.storyboard in Resources */ = {isa = PBXBuildFile; fileRef = B303CAF323B63FC400A3DF4B /* LaunchScreen.storyboard */; };
		B303CB0023B63FC400A3DF4B /* Pocker_ReminderTests.swift in Sources */ = {isa = PBXBuildFile; fileRef = B303CAFF23B63FC400A3DF4B /* Pocker_ReminderTests.swift */; };
		B303CB0B23B63FC400A3DF4B /* Pocker_ReminderUITests.swift in Sources */ = {isa = PBXBuildFile; fileRef = B303CB0A23B63FC400A3DF4B /* Pocker_ReminderUITests.swift */; };
		E8A508BC413615FDB9194B7F /* Pods_Pocker_Reminder_Pocker_ReminderUITests.framework in Frameworks */ = {isa = PBXBuildFile; fileRef = 741DE66573658409CFE4741E /* Pods_Pocker_Reminder_Pocker_ReminderUITests.framework */; };
/* End PBXBuildFile section */

/* Begin PBXContainerItemProxy section */
		B303CAFC23B63FC400A3DF4B /* PBXContainerItemProxy */ = {
			isa = PBXContainerItemProxy;
			containerPortal = B303CADD23B63FC200A3DF4B /* Project object */;
			proxyType = 1;
			remoteGlobalIDString = B303CAE423B63FC200A3DF4B;
			remoteInfo = Pocker_Reminder;
		};
		B303CB0723B63FC400A3DF4B /* PBXContainerItemProxy */ = {
			isa = PBXContainerItemProxy;
			containerPortal = B303CADD23B63FC200A3DF4B /* Project object */;
			proxyType = 1;
			remoteGlobalIDString = B303CAE423B63FC200A3DF4B;
			remoteInfo = Pocker_Reminder;
		};
/* End PBXContainerItemProxy section */

/* Begin PBXFileReference section */
		5B659CB2AB0EF40E6CD6A05E /* Pods_Pocker_ReminderTests.framework */ = {isa = PBXFileReference; explicitFileType = wrapper.framework; includeInIndex = 0; path = Pods_Pocker_ReminderTests.framework; sourceTree = BUILT_PRODUCTS_DIR; };
		5E33C167D96B93C418A99EC6 /* Pods_Pocker_Reminder.framework */ = {isa = PBXFileReference; explicitFileType = wrapper.framework; includeInIndex = 0; path = Pods_Pocker_Reminder.framework; sourceTree = BUILT_PRODUCTS_DIR; };
		5EBC991F21FA3ACB1A855150 /* Pods-Pocker_Reminder-Pocker_ReminderUITests.release.xcconfig */ = {isa = PBXFileReference; includeInIndex = 1; lastKnownFileType = text.xcconfig; name = "Pods-Pocker_Reminder-Pocker_ReminderUITests.release.xcconfig"; path = "Target Support Files/Pods-Pocker_Reminder-Pocker_ReminderUITests/Pods-Pocker_Reminder-Pocker_ReminderUITests.release.xcconfig"; sourceTree = "<group>"; };
		741DE66573658409CFE4741E /* Pods_Pocker_Reminder_Pocker_ReminderUITests.framework */ = {isa = PBXFileReference; explicitFileType = wrapper.framework; includeInIndex = 0; path = Pods_Pocker_Reminder_Pocker_ReminderUITests.framework; sourceTree = BUILT_PRODUCTS_DIR; };
		8B70054FD22CF8B808480BE4 /* Pods-Pocker_ReminderTests.release.xcconfig */ = {isa = PBXFileReference; includeInIndex = 1; lastKnownFileType = text.xcconfig; name = "Pods-Pocker_ReminderTests.release.xcconfig"; path = "Target Support Files/Pods-Pocker_ReminderTests/Pods-Pocker_ReminderTests.release.xcconfig"; sourceTree = "<group>"; };
		95F53A859E6A69F3503DB368 /* Pods-Pocker_ReminderTests.debug.xcconfig */ = {isa = PBXFileReference; includeInIndex = 1; lastKnownFileType = text.xcconfig; name = "Pods-Pocker_ReminderTests.debug.xcconfig"; path = "Target Support Files/Pods-Pocker_ReminderTests/Pods-Pocker_ReminderTests.debug.xcconfig"; sourceTree = "<group>"; };
		9B0393CD86237E668EE5B3D9 /* Pods-Pocker_Reminder.release.xcconfig */ = {isa = PBXFileReference; includeInIndex = 1; lastKnownFileType = text.xcconfig; name = "Pods-Pocker_Reminder.release.xcconfig"; path = "Target Support Files/Pods-Pocker_Reminder/Pods-Pocker_Reminder.release.xcconfig"; sourceTree = "<group>"; };
		B303CAE523B63FC200A3DF4B /* Pocker_Reminder.app */ = {isa = PBXFileReference; explicitFileType = wrapper.application; includeInIndex = 0; path = Pocker_Reminder.app; sourceTree = BUILT_PRODUCTS_DIR; };
		B303CAE823B63FC200A3DF4B /* AppDelegate.swift */ = {isa = PBXFileReference; lastKnownFileType = sourcecode.swift; path = AppDelegate.swift; sourceTree = "<group>"; };
		B303CAEA23B63FC200A3DF4B /* SceneDelegate.swift */ = {isa = PBXFileReference; lastKnownFileType = sourcecode.swift; path = SceneDelegate.swift; sourceTree = "<group>"; };
		B303CAEC23B63FC200A3DF4B /* ContentView.swift */ = {isa = PBXFileReference; lastKnownFileType = sourcecode.swift; path = ContentView.swift; sourceTree = "<group>"; };
		B303CAEE23B63FC400A3DF4B /* Assets.xcassets */ = {isa = PBXFileReference; lastKnownFileType = folder.assetcatalog; path = Assets.xcassets; sourceTree = "<group>"; };
		B303CAF123B63FC400A3DF4B /* Preview Assets.xcassets */ = {isa = PBXFileReference; lastKnownFileType = folder.assetcatalog; path = "Preview Assets.xcassets"; sourceTree = "<group>"; };
		B303CAF423B63FC400A3DF4B /* Base */ = {isa = PBXFileReference; lastKnownFileType = file.storyboard; name = Base; path = Base.lproj/LaunchScreen.storyboard; sourceTree = "<group>"; };
		B303CAF623B63FC400A3DF4B /* Info.plist */ = {isa = PBXFileReference; lastKnownFileType = text.plist.xml; path = Info.plist; sourceTree = "<group>"; };
		B303CAFB23B63FC400A3DF4B /* Pocker_ReminderTests.xctest */ = {isa = PBXFileReference; explicitFileType = wrapper.cfbundle; includeInIndex = 0; path = Pocker_ReminderTests.xctest; sourceTree = BUILT_PRODUCTS_DIR; };
		B303CAFF23B63FC400A3DF4B /* Pocker_ReminderTests.swift */ = {isa = PBXFileReference; lastKnownFileType = sourcecode.swift; path = Pocker_ReminderTests.swift; sourceTree = "<group>"; };
		B303CB0123B63FC400A3DF4B /* Info.plist */ = {isa = PBXFileReference; lastKnownFileType = text.plist.xml; path = Info.plist; sourceTree = "<group>"; };
		B303CB0623B63FC400A3DF4B /* Pocker_ReminderUITests.xctest */ = {isa = PBXFileReference; explicitFileType = wrapper.cfbundle; includeInIndex = 0; path = Pocker_ReminderUITests.xctest; sourceTree = BUILT_PRODUCTS_DIR; };
		B303CB0A23B63FC400A3DF4B /* Pocker_ReminderUITests.swift */ = {isa = PBXFileReference; lastKnownFileType = sourcecode.swift; path = Pocker_ReminderUITests.swift; sourceTree = "<group>"; };
		B303CB0C23B63FC400A3DF4B /* Info.plist */ = {isa = PBXFileReference; lastKnownFileType = text.plist.xml; path = Info.plist; sourceTree = "<group>"; };
		B32DF9092295E24A80359184 /* Pods-Pocker_Reminder.debug.xcconfig */ = {isa = PBXFileReference; includeInIndex = 1; lastKnownFileType = text.xcconfig; name = "Pods-Pocker_Reminder.debug.xcconfig"; path = "Target Support Files/Pods-Pocker_Reminder/Pods-Pocker_Reminder.debug.xcconfig"; sourceTree = "<group>"; };
		C1E42E84E6D4015F017A1F6F /* Pods-Pocker_Reminder-Pocker_ReminderUITests.debug.xcconfig */ = {isa = PBXFileReference; includeInIndex = 1; lastKnownFileType = text.xcconfig; name = "Pods-Pocker_Reminder-Pocker_ReminderUITests.debug.xcconfig"; path = "Target Support Files/Pods-Pocker_Reminder-Pocker_ReminderUITests/Pods-Pocker_Reminder-Pocker_ReminderUITests.debug.xcconfig"; sourceTree = "<group>"; };
/* End PBXFileReference section */

/* Begin PBXFrameworksBuildPhase section */
		B303CAE223B63FC200A3DF4B /* Frameworks */ = {
			isa = PBXFrameworksBuildPhase;
			buildActionMask = 2147483647;
			files = (
				0B0B36824590BCAED6D93D72 /* Pods_Pocker_Reminder.framework in Frameworks */,
			);
			runOnlyForDeploymentPostprocessing = 0;
		};
		B303CAF823B63FC400A3DF4B /* Frameworks */ = {
			isa = PBXFrameworksBuildPhase;
			buildActionMask = 2147483647;
			files = (
				AFFEC51F756D826A91A9E02D /* Pods_Pocker_ReminderTests.framework in Frameworks */,
			);
			runOnlyForDeploymentPostprocessing = 0;
		};
		B303CB0323B63FC400A3DF4B /* Frameworks */ = {
			isa = PBXFrameworksBuildPhase;
			buildActionMask = 2147483647;
			files = (
				E8A508BC413615FDB9194B7F /* Pods_Pocker_Reminder_Pocker_ReminderUITests.framework in Frameworks */,
			);
			runOnlyForDeploymentPostprocessing = 0;
		};
/* End PBXFrameworksBuildPhase section */

/* Begin PBXGroup section */
		839A164CE24281A10C103CC8 /* Frameworks */ = {
			isa = PBXGroup;
			children = (
				5E33C167D96B93C418A99EC6 /* Pods_Pocker_Reminder.framework */,
				741DE66573658409CFE4741E /* Pods_Pocker_Reminder_Pocker_ReminderUITests.framework */,
				5B659CB2AB0EF40E6CD6A05E /* Pods_Pocker_ReminderTests.framework */,
			);
			name = Frameworks;
			sourceTree = "<group>";
		};
		B303CADC23B63FC200A3DF4B = {
			isa = PBXGroup;
			children = (
				B303CAE723B63FC200A3DF4B /* Pocker_Reminder */,
				B303CAFE23B63FC400A3DF4B /* Pocker_ReminderTests */,
				B303CB0923B63FC400A3DF4B /* Pocker_ReminderUITests */,
				B303CAE623B63FC200A3DF4B /* Products */,
				F69AA9E17348D45CE3A4873D /* Pods */,
				839A164CE24281A10C103CC8 /* Frameworks */,
			);
			sourceTree = "<group>";
		};
		B303CAE623B63FC200A3DF4B /* Products */ = {
			isa = PBXGroup;
			children = (
				B303CAE523B63FC200A3DF4B /* Pocker_Reminder.app */,
				B303CAFB23B63FC400A3DF4B /* Pocker_ReminderTests.xctest */,
				B303CB0623B63FC400A3DF4B /* Pocker_ReminderUITests.xctest */,
			);
			name = Products;
			sourceTree = "<group>";
		};
		B303CAE723B63FC200A3DF4B /* Pocker_Reminder */ = {
			isa = PBXGroup;
			children = (
				B303CAE823B63FC200A3DF4B /* AppDelegate.swift */,
				B303CAEA23B63FC200A3DF4B /* SceneDelegate.swift */,
				B303CAEC23B63FC200A3DF4B /* ContentView.swift */,
				B303CAEE23B63FC400A3DF4B /* Assets.xcassets */,
				B303CAF323B63FC400A3DF4B /* LaunchScreen.storyboard */,
				B303CAF623B63FC400A3DF4B /* Info.plist */,
				B303CAF023B63FC400A3DF4B /* Preview Content */,
			);
			path = Pocker_Reminder;
			sourceTree = "<group>";
		};
		B303CAF023B63FC400A3DF4B /* Preview Content */ = {
			isa = PBXGroup;
			children = (
				B303CAF123B63FC400A3DF4B /* Preview Assets.xcassets */,
			);
			path = "Preview Content";
			sourceTree = "<group>";
		};
		B303CAFE23B63FC400A3DF4B /* Pocker_ReminderTests */ = {
			isa = PBXGroup;
			children = (
				B303CAFF23B63FC400A3DF4B /* Pocker_ReminderTests.swift */,
				B303CB0123B63FC400A3DF4B /* Info.plist */,
			);
			path = Pocker_ReminderTests;
			sourceTree = "<group>";
		};
		B303CB0923B63FC400A3DF4B /* Pocker_ReminderUITests */ = {
			isa = PBXGroup;
			children = (
				B303CB0A23B63FC400A3DF4B /* Pocker_ReminderUITests.swift */,
				B303CB0C23B63FC400A3DF4B /* Info.plist */,
			);
			path = Pocker_ReminderUITests;
			sourceTree = "<group>";
		};
		F69AA9E17348D45CE3A4873D /* Pods */ = {
			isa = PBXGroup;
			children = (
				B32DF9092295E24A80359184 /* Pods-Pocker_Reminder.debug.xcconfig */,
				9B0393CD86237E668EE5B3D9 /* Pods-Pocker_Reminder.release.xcconfig */,
				C1E42E84E6D4015F017A1F6F /* Pods-Pocker_Reminder-Pocker_ReminderUITests.debug.xcconfig */,
				5EBC991F21FA3ACB1A855150 /* Pods-Pocker_Reminder-Pocker_ReminderUITests.release.xcconfig */,
				95F53A859E6A69F3503DB368 /* Pods-Pocker_ReminderTests.debug.xcconfig */,
				8B70054FD22CF8B808480BE4 /* Pods-Pocker_ReminderTests.release.xcconfig */,
			);
			name = Pods;
			path = Pods;
			sourceTree = "<group>";
		};
/* End PBXGroup section */

/* Begin PBXNativeTarget section */
		B303CAE423B63FC200A3DF4B /* Pocker_Reminder */ = {
			isa = PBXNativeTarget;
			buildConfigurationList = B303CB0F23B63FC400A3DF4B /* Build configuration list for PBXNativeTarget "Pocker_Reminder" */;
			buildPhases = (
				4B1407CC0E8748B7741B6046 /* [CP] Check Pods Manifest.lock */,
				B303CAE123B63FC200A3DF4B /* Sources */,
				B303CAE223B63FC200A3DF4B /* Frameworks */,
				B303CAE323B63FC200A3DF4B /* Resources */,
				DEE96D515E89765863119826 /* [CP] Embed Pods Frameworks */,
			);
			buildRules = (
			);
			dependencies = (
			);
			name = Pocker_Reminder;
			productName = Pocker_Reminder;
			productReference = B303CAE523B63FC200A3DF4B /* Pocker_Reminder.app */;
			productType = "com.apple.product-type.application";
		};
		B303CAFA23B63FC400A3DF4B /* Pocker_ReminderTests */ = {
			isa = PBXNativeTarget;
			buildConfigurationList = B303CB1223B63FC400A3DF4B /* Build configuration list for PBXNativeTarget "Pocker_ReminderTests" */;
			buildPhases = (
				AD2EDCCD42DD8DE85FF6AC14 /* [CP] Check Pods Manifest.lock */,
				B303CAF723B63FC400A3DF4B /* Sources */,
				B303CAF823B63FC400A3DF4B /* Frameworks */,
				B303CAF923B63FC400A3DF4B /* Resources */,
			);
			buildRules = (
			);
			dependencies = (
				B303CAFD23B63FC400A3DF4B /* PBXTargetDependency */,
			);
			name = Pocker_ReminderTests;
			productName = Pocker_ReminderTests;
			productReference = B303CAFB23B63FC400A3DF4B /* Pocker_ReminderTests.xctest */;
			productType = "com.apple.product-type.bundle.unit-test";
		};
		B303CB0523B63FC400A3DF4B /* Pocker_ReminderUITests */ = {
			isa = PBXNativeTarget;
			buildConfigurationList = B303CB1523B63FC400A3DF4B /* Build configuration list for PBXNativeTarget "Pocker_ReminderUITests" */;
			buildPhases = (
				48B35E4513CD753C61202569 /* [CP] Check Pods Manifest.lock */,
				B303CB0223B63FC400A3DF4B /* Sources */,
				B303CB0323B63FC400A3DF4B /* Frameworks */,
				B303CB0423B63FC400A3DF4B /* Resources */,
				ACDE61373B7EEBD7290AC6AB /* [CP] Embed Pods Frameworks */,
			);
			buildRules = (
			);
			dependencies = (
				B303CB0823B63FC400A3DF4B /* PBXTargetDependency */,
			);
			name = Pocker_ReminderUITests;
			productName = Pocker_ReminderUITests;
			productReference = B303CB0623B63FC400A3DF4B /* Pocker_ReminderUITests.xctest */;
			productType = "com.apple.product-type.bundle.ui-testing";
		};
/* End PBXNativeTarget section */

/* Begin PBXProject section */
		B303CADD23B63FC200A3DF4B /* Project object */ = {
			isa = PBXProject;
			attributes = {
				LastSwiftUpdateCheck = 1130;
				LastUpgradeCheck = 1130;
				ORGANIZATIONNAME = Buct;
				TargetAttributes = {
					B303CAE423B63FC200A3DF4B = {
						CreatedOnToolsVersion = 11.3;
					};
					B303CAFA23B63FC400A3DF4B = {
						CreatedOnToolsVersion = 11.3;
						TestTargetID = B303CAE423B63FC200A3DF4B;
					};
					B303CB0523B63FC400A3DF4B = {
						CreatedOnToolsVersion = 11.3;
						TestTargetID = B303CAE423B63FC200A3DF4B;
					};
				};
			};
			buildConfigurationList = B303CAE023B63FC200A3DF4B /* Build configuration list for PBXProject "Pocker_Reminder" */;
			compatibilityVersion = "Xcode 9.3";
			developmentRegion = en;
			hasScannedForEncodings = 0;
			knownRegions = (
				en,
				Base,
			);
			mainGroup = B303CADC23B63FC200A3DF4B;
			productRefGroup = B303CAE623B63FC200A3DF4B /* Products */;
			projectDirPath = "";
			projectRoot = "";
			targets = (
				B303CAE423B63FC200A3DF4B /* Pocker_Reminder */,
				B303CAFA23B63FC400A3DF4B /* Pocker_ReminderTests */,
				B303CB0523B63FC400A3DF4B /* Pocker_ReminderUITests */,
			);
		};
/* End PBXProject section */

/* Begin PBXResourcesBuildPhase section */
		B303CAE323B63FC200A3DF4B /* Resources */ = {
			isa = PBXResourcesBuildPhase;
			buildActionMask = 2147483647;
			files = (
				B303CAF523B63FC400A3DF4B /* LaunchScreen.storyboard in Resources */,
				B303CAF223B63FC400A3DF4B /* Preview Assets.xcassets in Resources */,
				B303CAEF23B63FC400A3DF4B /* Assets.xcassets in Resources */,
			);
			runOnlyForDeploymentPostprocessing = 0;
		};
		B303CAF923B63FC400A3DF4B /* Resources */ = {
			isa = PBXResourcesBuildPhase;
			buildActionMask = 2147483647;
			files = (
			);
			runOnlyForDeploymentPostprocessing = 0;
		};
		B303CB0423B63FC400A3DF4B /* Resources */ = {
			isa = PBXResourcesBuildPhase;
			buildActionMask = 2147483647;
			files = (
			);
			runOnlyForDeploymentPostprocessing = 0;
		};
/* End PBXResourcesBuildPhase section */

/* Begin PBXShellScriptBuildPhase section */
		48B35E4513CD753C61202569 /* [CP] Check Pods Manifest.lock */ = {
			isa = PBXShellScriptBuildPhase;
			buildActionMask = 2147483647;
			files = (
			);
			inputFileListPaths = (
			);
			inputPaths = (
				"${PODS_PODFILE_DIR_PATH}/Podfile.lock",
				"${PODS_ROOT}/Manifest.lock",
			);
			name = "[CP] Check Pods Manifest.lock";
			outputFileListPaths = (
			);
			outputPaths = (
				"$(DERIVED_FILE_DIR)/Pods-Pocker_Reminder-Pocker_ReminderUITests-checkManifestLockResult.txt",
			);
			runOnlyForDeploymentPostprocessing = 0;
			shellPath = /bin/sh;
			shellScript = "diff \"${PODS_PODFILE_DIR_PATH}/Podfile.lock\" \"${PODS_ROOT}/Manifest.lock\" > /dev/null\nif [ $? != 0 ] ; then\n    # print error to STDERR\n    echo \"error: The sandbox is not in sync with the Podfile.lock. Run 'pod install' or update your CocoaPods installation.\" >&2\n    exit 1\nfi\n# This output is used by Xcode 'outputs' to avoid re-running this script phase.\necho \"SUCCESS\" > \"${SCRIPT_OUTPUT_FILE_0}\"\n";
			showEnvVarsInLog = 0;
		};
		4B1407CC0E8748B7741B6046 /* [CP] Check Pods Manifest.lock */ = {
			isa = PBXShellScriptBuildPhase;
			buildActionMask = 2147483647;
			files = (
			);
			inputFileListPaths = (
			);
			inputPaths = (
				"${PODS_PODFILE_DIR_PATH}/Podfile.lock",
				"${PODS_ROOT}/Manifest.lock",
			);
			name = "[CP] Check Pods Manifest.lock";
			outputFileListPaths = (
			);
			outputPaths = (
				"$(DERIVED_FILE_DIR)/Pods-Pocker_Reminder-checkManifestLockResult.txt",
			);
			runOnlyForDeploymentPostprocessing = 0;
			shellPath = /bin/sh;
			shellScript = "diff \"${PODS_PODFILE_DIR_PATH}/Podfile.lock\" \"${PODS_ROOT}/Manifest.lock\" > /dev/null\nif [ $? != 0 ] ; then\n    # print error to STDERR\n    echo \"error: The sandbox is not in sync with the Podfile.lock. Run 'pod install' or update your CocoaPods installation.\" >&2\n    exit 1\nfi\n# This output is used by Xcode 'outputs' to avoid re-running this script phase.\necho \"SUCCESS\" > \"${SCRIPT_OUTPUT_FILE_0}\"\n";
			showEnvVarsInLog = 0;
		};
		ACDE61373B7EEBD7290AC6AB /* [CP] Embed Pods Frameworks */ = {
			isa = PBXShellScriptBuildPhase;
			buildActionMask = 2147483647;
			files = (
			);
			inputFileListPaths = (
				"${PODS_ROOT}/Target Support Files/Pods-Pocker_Reminder-Pocker_ReminderUITests/Pods-Pocker_Reminder-Pocker_ReminderUITests-frameworks-${CONFIGURATION}-input-files.xcfilelist",
			);
			name = "[CP] Embed Pods Frameworks";
			outputFileListPaths = (
				"${PODS_ROOT}/Target Support Files/Pods-Pocker_Reminder-Pocker_ReminderUITests/Pods-Pocker_Reminder-Pocker_ReminderUITests-frameworks-${CONFIGURATION}-output-files.xcfilelist",
			);
			runOnlyForDeploymentPostprocessing = 0;
			shellPath = /bin/sh;
			shellScript = "\"${PODS_ROOT}/Target Support Files/Pods-Pocker_Reminder-Pocker_ReminderUITests/Pods-Pocker_Reminder-Pocker_ReminderUITests-frameworks.sh\"\n";
			showEnvVarsInLog = 0;
		};
		AD2EDCCD42DD8DE85FF6AC14 /* [CP] Check Pods Manifest.lock */ = {
			isa = PBXShellScriptBuildPhase;
			buildActionMask = 2147483647;
			files = (
			);
			inputFileListPaths = (
			);
			inputPaths = (
				"${PODS_PODFILE_DIR_PATH}/Podfile.lock",
				"${PODS_ROOT}/Manifest.lock",
			);
			name = "[CP] Check Pods Manifest.lock";
			outputFileListPaths = (
			);
			outputPaths = (
				"$(DERIVED_FILE_DIR)/Pods-Pocker_ReminderTests-checkManifestLockResult.txt",
			);
			runOnlyForDeploymentPostprocessing = 0;
			shellPath = /bin/sh;
			shellScript = "diff \"${PODS_PODFILE_DIR_PATH}/Podfile.lock\" \"${PODS_ROOT}/Manifest.lock\" > /dev/null\nif [ $? != 0 ] ; then\n    # print error to STDERR\n    echo \"error: The sandbox is not in sync with the Podfile.lock. Run 'pod install' or update your CocoaPods installation.\" >&2\n    exit 1\nfi\n# This output is used by Xcode 'outputs' to avoid re-running this script phase.\necho \"SUCCESS\" > \"${SCRIPT_OUTPUT_FILE_0}\"\n";
			showEnvVarsInLog = 0;
		};
		DEE96D515E89765863119826 /* [CP] Embed Pods Frameworks */ = {
			isa = PBXShellScriptBuildPhase;
			buildActionMask = 2147483647;
			files = (
			);
			inputFileListPaths = (
				"${PODS_ROOT}/Target Support Files/Pods-Pocker_Reminder/Pods-Pocker_Reminder-frameworks-${CONFIGURATION}-input-files.xcfilelist",
			);
			name = "[CP] Embed Pods Frameworks";
			outputFileListPaths = (
				"${PODS_ROOT}/Target Support Files/Pods-Pocker_Reminder/Pods-Pocker_Reminder-frameworks-${CONFIGURATION}-output-files.xcfilelist",
			);
			runOnlyForDeploymentPostprocessing = 0;
			shellPath = /bin/sh;
			shellScript = "\"${PODS_ROOT}/Target Support Files/Pods-Pocker_Reminder/Pods-Pocker_Reminder-frameworks.sh\"\n";
			showEnvVarsInLog = 0;
		};
/* End PBXShellScriptBuildPhase section */

/* Begin PBXSourcesBuildPhase section */
		B303CAE123B63FC200A3DF4B /* Sources */ = {
			isa = PBXSourcesBuildPhase;
			buildActionMask = 2147483647;
			files = (
				B303CAE923B63FC200A3DF4B /* AppDelegate.swift in Sources */,
				B303CAEB23B63FC200A3DF4B /* SceneDelegate.swift in Sources */,
				B303CAED23B63FC200A3DF4B /* ContentView.swift in Sources */,
			);
			runOnlyForDeploymentPostprocessing = 0;
		};
		B303CAF723B63FC400A3DF4B /* Sources */ = {
			isa = PBXSourcesBuildPhase;
			buildActionMask = 2147483647;
			files = (
				B303CB0023B63FC400A3DF4B /* Pocker_ReminderTests.swift in Sources */,
			);
			runOnlyForDeploymentPostprocessing = 0;
		};
		B303CB0223B63FC400A3DF4B /* Sources */ = {
			isa = PBXSourcesBuildPhase;
			buildActionMask = 2147483647;
			files = (
				B303CB0B23B63FC400A3DF4B /* Pocker_ReminderUITests.swift in Sources */,
			);
			runOnlyForDeploymentPostprocessing = 0;
		};
/* End PBXSourcesBuildPhase section */

/* Begin PBXTargetDependency section */
		B303CAFD23B63FC400A3DF4B /* PBXTargetDependency */ = {
			isa = PBXTargetDependency;
			target = B303CAE423B63FC200A3DF4B /* Pocker_Reminder */;
			targetProxy = B303CAFC23B63FC400A3DF4B /* PBXContainerItemProxy */;
		};
		B303CB0823B63FC400A3DF4B /* PBXTargetDependency */ = {
			isa = PBXTargetDependency;
			target = B303CAE423B63FC200A3DF4B /* Pocker_Reminder */;
			targetProxy = B303CB0723B63FC400A3DF4B /* PBXContainerItemProxy */;
		};
/* End PBXTargetDependency section */

/* Begin PBXVariantGroup section */
		B303CAF323B63FC400A3DF4B /* LaunchScreen.storyboard */ = {
			isa = PBXVariantGroup;
			children = (
				B303CAF423B63FC400A3DF4B /* Base */,
			);
			name = LaunchScreen.storyboard;
			sourceTree = "<group>";
		};
/* End PBXVariantGroup section */

/* Begin XCBuildConfiguration section */
		B303CB0D23B63FC400A3DF4B /* Debug */ = {
			isa = XCBuildConfiguration;
			buildSettings = {
				ALWAYS_SEARCH_USER_PATHS = NO;
				CLANG_ANALYZER_NONNULL = YES;
				CLANG_ANALYZER_NUMBER_OBJECT_CONVERSION = YES_AGGRESSIVE;
				CLANG_CXX_LANGUAGE_STANDARD = "gnu++14";
				CLANG_CXX_LIBRARY = "libc++";
				CLANG_ENABLE_MODULES = YES;
				CLANG_ENABLE_OBJC_ARC = YES;
				CLANG_ENABLE_OBJC_WEAK = YES;
				CLANG_WARN_BLOCK_CAPTURE_AUTORELEASING = YES;
				CLANG_WARN_BOOL_CONVERSION = YES;
				CLANG_WARN_COMMA = YES;
				CLANG_WARN_CONSTANT_CONVERSION = YES;
				CLANG_WARN_DEPRECATED_OBJC_IMPLEMENTATIONS = YES;
				CLANG_WARN_DIRECT_OBJC_ISA_USAGE = YES_ERROR;
				CLANG_WARN_DOCUMENTATION_COMMENTS = YES;
				CLANG_WARN_EMPTY_BODY = YES;
				CLANG_WARN_ENUM_CONVERSION = YES;
				CLANG_WARN_INFINITE_RECURSION = YES;
				CLANG_WARN_INT_CONVERSION = YES;
				CLANG_WARN_NON_LITERAL_NULL_CONVERSION = YES;
				CLANG_WARN_OBJC_IMPLICIT_RETAIN_SELF = YES;
				CLANG_WARN_OBJC_LITERAL_CONVERSION = YES;
				CLANG_WARN_OBJC_ROOT_CLASS = YES_ERROR;
				CLANG_WARN_RANGE_LOOP_ANALYSIS = YES;
				CLANG_WARN_STRICT_PROTOTYPES = YES;
				CLANG_WARN_SUSPICIOUS_MOVE = YES;
				CLANG_WARN_UNGUARDED_AVAILABILITY = YES_AGGRESSIVE;
				CLANG_WARN_UNREACHABLE_CODE = YES;
				CLANG_WARN__DUPLICATE_METHOD_MATCH = YES;
				COPY_PHASE_STRIP = NO;
				DEBUG_INFORMATION_FORMAT = dwarf;
				ENABLE_STRICT_OBJC_MSGSEND = YES;
				ENABLE_TESTABILITY = YES;
				GCC_C_LANGUAGE_STANDARD = gnu11;
				GCC_DYNAMIC_NO_PIC = NO;
				GCC_NO_COMMON_BLOCKS = YES;
				GCC_OPTIMIZATION_LEVEL = 0;
				GCC_PREPROCESSOR_DEFINITIONS = (
					"DEBUG=1",
					"$(inherited)",
				);
				GCC_WARN_64_TO_32_BIT_CONVERSION = YES;
				GCC_WARN_ABOUT_RETURN_TYPE = YES_ERROR;
				GCC_WARN_UNDECLARED_SELECTOR = YES;
				GCC_WARN_UNINITIALIZED_AUTOS = YES_AGGRESSIVE;
				GCC_WARN_UNUSED_FUNCTION = YES;
				GCC_WARN_UNUSED_VARIABLE = YES;
				IPHONEOS_DEPLOYMENT_TARGET = 13.2;
				MTL_ENABLE_DEBUG_INFO = INCLUDE_SOURCE;
				MTL_FAST_MATH = YES;
				ONLY_ACTIVE_ARCH = YES;
				SDKROOT = iphoneos;
				SWIFT_ACTIVE_COMPILATION_CONDITIONS = DEBUG;
				SWIFT_OPTIMIZATION_LEVEL = "-Onone";
			};
			name = Debug;
		};
		B303CB0E23B63FC400A3DF4B /* Release */ = {
			isa = XCBuildConfiguration;
			buildSettings = {
				ALWAYS_SEARCH_USER_PATHS = NO;
				CLANG_ANALYZER_NONNULL = YES;
				CLANG_ANALYZER_NUMBER_OBJECT_CONVERSION = YES_AGGRESSIVE;
				CLANG_CXX_LANGUAGE_STANDARD = "gnu++14";
				CLANG_CXX_LIBRARY = "libc++";
				CLANG_ENABLE_MODULES = YES;
				CLANG_ENABLE_OBJC_ARC = YES;
				CLANG_ENABLE_OBJC_WEAK = YES;
				CLANG_WARN_BLOCK_CAPTURE_AUTORELEASING = YES;
				CLANG_WARN_BOOL_CONVERSION = YES;
				CLANG_WARN_COMMA = YES;
				CLANG_WARN_CONSTANT_CONVERSION = YES;
				CLANG_WARN_DEPRECATED_OBJC_IMPLEMENTATIONS = YES;
				CLANG_WARN_DIRECT_OBJC_ISA_USAGE = YES_ERROR;
				CLANG_WARN_DOCUMENTATION_COMMENTS = YES;
				CLANG_WARN_EMPTY_BODY = YES;
				CLANG_WARN_ENUM_CONVERSION = YES;
				CLANG_WARN_INFINITE_RECURSION = YES;
				CLANG_WARN_INT_CONVERSION = YES;
				CLANG_WARN_NON_LITERAL_NULL_CONVERSION = YES;
				CLANG_WARN_OBJC_IMPLICIT_RETAIN_SELF = YES;
				CLANG_WARN_OBJC_LITERAL_CONVERSION = YES;
				CLANG_WARN_OBJC_ROOT_CLASS = YES_ERROR;
				CLANG_WARN_RANGE_LOOP_ANALYSIS = YES;
				CLANG_WARN_STRICT_PROTOTYPES = YES;
				CLANG_WARN_SUSPICIOUS_MOVE = YES;
				CLANG_WARN_UNGUARDED_AVAILABILITY = YES_AGGRESSIVE;
				CLANG_WARN_UNREACHABLE_CODE = YES;
				CLANG_WARN__DUPLICATE_METHOD_MATCH = YES;
				COPY_PHASE_STRIP = NO;
				DEBUG_INFORMATION_FORMAT = "dwarf-with-dsym";
				ENABLE_NS_ASSERTIONS = NO;
				ENABLE_STRICT_OBJC_MSGSEND = YES;
				GCC_C_LANGUAGE_STANDARD = gnu11;
				GCC_NO_COMMON_BLOCKS = YES;
				GCC_WARN_64_TO_32_BIT_CONVERSION = YES;
				GCC_WARN_ABOUT_RETURN_TYPE = YES_ERROR;
				GCC_WARN_UNDECLARED_SELECTOR = YES;
				GCC_WARN_UNINITIALIZED_AUTOS = YES_AGGRESSIVE;
				GCC_WARN_UNUSED_FUNCTION = YES;
				GCC_WARN_UNUSED_VARIABLE = YES;
				IPHONEOS_DEPLOYMENT_TARGET = 13.2;
				MTL_ENABLE_DEBUG_INFO = NO;
				MTL_FAST_MATH = YES;
				SDKROOT = iphoneos;
				SWIFT_COMPILATION_MODE = wholemodule;
				SWIFT_OPTIMIZATION_LEVEL = "-O";
				VALIDATE_PRODUCT = YES;
			};
			name = Release;
		};
		B303CB1023B63FC400A3DF4B /* Debug */ = {
			isa = XCBuildConfiguration;
			baseConfigurationReference = B32DF9092295E24A80359184 /* Pods-Pocker_Reminder.debug.xcconfig */;
			buildSettings = {
				ASSETCATALOG_COMPILER_APPICON_NAME = AppIcon;
				CODE_SIGN_STYLE = Automatic;
				DEVELOPMENT_ASSET_PATHS = "\"Pocker_Reminder/Preview Content\"";
				DEVELOPMENT_TEAM = 966F5MS599;
				ENABLE_PREVIEWS = YES;
				INFOPLIST_FILE = Pocker_Reminder/Info.plist;
				LD_RUNPATH_SEARCH_PATHS = (
					"$(inherited)",
					"@executable_path/Frameworks",
				);
				PRODUCT_BUNDLE_IDENTIFIER = "Buct.Pocker-Reminder";
				PRODUCT_NAME = "$(TARGET_NAME)";
				SWIFT_VERSION = 5.0;
				TARGETED_DEVICE_FAMILY = "1,2";
			};
			name = Debug;
		};
		B303CB1123B63FC400A3DF4B /* Release */ = {
			isa = XCBuildConfiguration;
			baseConfigurationReference = 9B0393CD86237E668EE5B3D9 /* Pods-Pocker_Reminder.release.xcconfig */;
			buildSettings = {
				ASSETCATALOG_COMPILER_APPICON_NAME = AppIcon;
				CODE_SIGN_STYLE = Automatic;
				DEVELOPMENT_ASSET_PATHS = "\"Pocker_Reminder/Preview Content\"";
				DEVELOPMENT_TEAM = 966F5MS599;
				ENABLE_PREVIEWS = YES;
				INFOPLIST_FILE = Pocker_Reminder/Info.plist;
				LD_RUNPATH_SEARCH_PATHS = (
					"$(inherited)",
					"@executable_path/Frameworks",
				);
				PRODUCT_BUNDLE_IDENTIFIER = "Buct.Pocker-Reminder";
				PRODUCT_NAME = "$(TARGET_NAME)";
				SWIFT_VERSION = 5.0;
				TARGETED_DEVICE_FAMILY = "1,2";
			};
			name = Release;
		};
		B303CB1323B63FC400A3DF4B /* Debug */ = {
			isa = XCBuildConfiguration;
			baseConfigurationReference = 95F53A859E6A69F3503DB368 /* Pods-Pocker_ReminderTests.debug.xcconfig */;
			buildSettings = {
				ALWAYS_EMBED_SWIFT_STANDARD_LIBRARIES = YES;
				BUNDLE_LOADER = "$(TEST_HOST)";
				CODE_SIGN_STYLE = Automatic;
				DEVELOPMENT_TEAM = 966F5MS599;
				INFOPLIST_FILE = Pocker_ReminderTests/Info.plist;
				IPHONEOS_DEPLOYMENT_TARGET = 13.2;
				LD_RUNPATH_SEARCH_PATHS = (
					"$(inherited)",
					"@executable_path/Frameworks",
					"@loader_path/Frameworks",
				);
				PRODUCT_BUNDLE_IDENTIFIER = "Buct.Pocker-ReminderTests";
				PRODUCT_NAME = "$(TARGET_NAME)";
				SWIFT_VERSION = 5.0;
				TARGETED_DEVICE_FAMILY = "1,2";
				TEST_HOST = "$(BUILT_PRODUCTS_DIR)/Pocker_Reminder.app/Pocker_Reminder";
			};
			name = Debug;
		};
		B303CB1423B63FC400A3DF4B /* Release */ = {
			isa = XCBuildConfiguration;
			baseConfigurationReference = 8B70054FD22CF8B808480BE4 /* Pods-Pocker_ReminderTests.release.xcconfig */;
			buildSettings = {
				ALWAYS_EMBED_SWIFT_STANDARD_LIBRARIES = YES;
				BUNDLE_LOADER = "$(TEST_HOST)";
				CODE_SIGN_STYLE = Automatic;
				DEVELOPMENT_TEAM = 966F5MS599;
				INFOPLIST_FILE = Pocker_ReminderTests/Info.plist;
				IPHONEOS_DEPLOYMENT_TARGET = 13.2;
				LD_RUNPATH_SEARCH_PATHS = (
					"$(inherited)",
					"@executable_path/Frameworks",
					"@loader_path/Frameworks",
				);
				PRODUCT_BUNDLE_IDENTIFIER = "Buct.Pocker-ReminderTests";
				PRODUCT_NAME = "$(TARGET_NAME)";
				SWIFT_VERSION = 5.0;
				TARGETED_DEVICE_FAMILY = "1,2";
				TEST_HOST = "$(BUILT_PRODUCTS_DIR)/Pocker_Reminder.app/Pocker_Reminder";
			};
			name = Release;
		};
		B303CB1623B63FC400A3DF4B /* Debug */ = {
			isa = XCBuildConfiguration;
			baseConfigurationReference = C1E42E84E6D4015F017A1F6F /* Pods-Pocker_Reminder-Pocker_ReminderUITests.debug.xcconfig */;
			buildSettings = {
				ALWAYS_EMBED_SWIFT_STANDARD_LIBRARIES = YES;
				CODE_SIGN_STYLE = Automatic;
				DEVELOPMENT_TEAM = 966F5MS599;
				INFOPLIST_FILE = Pocker_ReminderUITests/Info.plist;
				LD_RUNPATH_SEARCH_PATHS = (
					"$(inherited)",
					"@executable_path/Frameworks",
					"@loader_path/Frameworks",
				);
				PRODUCT_BUNDLE_IDENTIFIER = "Buct.Pocker-ReminderUITests";
				PRODUCT_NAME = "$(TARGET_NAME)";
				SWIFT_VERSION = 5.0;
				TARGETED_DEVICE_FAMILY = "1,2";
				TEST_TARGET_NAME = Pocker_Reminder;
			};
			name = Debug;
		};
		B303CB1723B63FC400A3DF4B /* Release */ = {
			isa = XCBuildConfiguration;
			baseConfigurationReference = 5EBC991F21FA3ACB1A855150 /* Pods-Pocker_Reminder-Pocker_ReminderUITests.release.xcconfig */;
			buildSettings = {
				ALWAYS_EMBED_SWIFT_STANDARD_LIBRARIES = YES;
				CODE_SIGN_STYLE = Automatic;
				DEVELOPMENT_TEAM = 966F5MS599;
				INFOPLIST_FILE = Pocker_ReminderUITests/Info.plist;
				LD_RUNPATH_SEARCH_PATHS = (
					"$(inherited)",
					"@executable_path/Frameworks",
					"@loader_path/Frameworks",
				);
				PRODUCT_BUNDLE_IDENTIFIER = "Buct.Pocker-ReminderUITests";
				PRODUCT_NAME = "$(TARGET_NAME)";
				SWIFT_VERSION = 5.0;
				TARGETED_DEVICE_FAMILY = "1,2";
				TEST_TARGET_NAME = Pocker_Reminder;
			};
			name = Release;
		};
/* End XCBuildConfiguration section */

/* Begin XCConfigurationList section */
		B303CAE023B63FC200A3DF4B /* Build configuration list for PBXProject "Pocker_Reminder" */ = {
			isa = XCConfigurationList;
			buildConfigurations = (
				B303CB0D23B63FC400A3DF4B /* Debug */,
				B303CB0E23B63FC400A3DF4B /* Release */,
			);
			defaultConfigurationIsVisible = 0;
			defaultConfigurationName = Release;
		};
		B303CB0F23B63FC400A3DF4B /* Build configuration list for PBXNativeTarget "Pocker_Reminder" */ = {
			isa = XCConfigurationList;
			buildConfigurations = (
				B303CB1023B63FC400A3DF4B /* Debug */,
				B303CB1123B63FC400A3DF4B /* Release */,
			);
			defaultConfigurationIsVisible = 0;
			defaultConfigurationName = Release;
		};
		B303CB1223B63FC400A3DF4B /* Build configuration list for PBXNativeTarget "Pocker_ReminderTests" */ = {
			isa = XCConfigurationList;
			buildConfigurations = (
				B303CB1323B63FC400A3DF4B /* Debug */,
				B303CB1423B63FC400A3DF4B /* Release */,
			);
			defaultConfigurationIsVisible = 0;
			defaultConfigurationName = Release;
		};
		B303CB1523B63FC400A3DF4B /* Build configuration list for PBXNativeTarget "Pocker_ReminderUITests" */ = {
			isa = XCConfigurationList;
			buildConfigurations = (
				B303CB1623B63FC400A3DF4B /* Debug */,
				B303CB1723B63FC400A3DF4B /* Release */,
			);
			defaultConfigurationIsVisible = 0;
			defaultConfigurationName = Release;
		};
/* End XCConfigurationList section */
	};
	rootObject = B303CADD23B63FC200A3DF4B /* Project object */;
}
